{
  "version": 4,
  "terraform_version": "1.5.7",
  "serial": 35,
  "lineage": "e0bb7b26-42e9-8daf-4c25-28c82b2e2fe3",
  "outputs": {},
  "resources": [
    {
      "mode": "managed",
      "type": "fortios_firewall_object_address",
      "name": "test",
      "provider": "provider[\"registry.terraform.io/fortinetdev/fortios\"]",
      "instances": [
        {
          "schema_version": 0,
          "attributes": {
            "associated_interface": "",
            "comment": "PUSHED BY POC IAC TERRAFORM",
            "country": "",
            "end_ip": null,
            "fqdn": "",
            "id": "H_IAC-2",
            "name": "H_IAC-2",
            "show_in_address_list": "",
            "start_ip": null,
            "static_route_configure": "disable",
            "subnet": "192.168.10.100 255.255.255.255",
            "type": "ipmask"
          },
          "sensitive_attributes": [],
          "private": "bnVsbA=="
        }
      ]
    },
    {
      "mode": "managed",
      "type": "fortios_firewall_object_address",
      "name": "test2",
      "provider": "provider[\"registry.terraform.io/fortinetdev/fortios\"]",
      "instances": [
        {
          "schema_version": 0,
          "attributes": {
            "associated_interface": "",
            "comment": "PUSHED BY POC IAC TERRAFORM",
            "country": "",
            "end_ip": null,
            "fqdn": "",
            "id": "H_IAC-1",
            "name": "H_IAC-1",
            "show_in_address_list": "",
            "start_ip": null,
            "static_route_configure": "disable",
            "subnet": "192.168.11.100 255.255.255.255",
            "type": "ipmask"
          },
          "sensitive_attributes": [],
          "private": "bnVsbA=="
        }
      ]
    },
    {
      "mode": "managed",
      "type": "fortios_firewall_policy",
      "name": "trname",
      "provider": "provider[\"registry.terraform.io/fortinetdev/fortios\"]",
      "instances": [
        {
          "schema_version": 0,
          "attributes": {
            "action": "accept",
            "anti_replay": "enable",
            "app_category": [],
            "app_group": [],
            "app_monitor": "",
            "application": [],
            "application_list": "",
            "auth_cert": "",
            "auth_path": "disable",
            "auth_redirect_addr": "",
            "auto_asic_offload": "enable",
            "av_profile": "",
            "block_notification": "disable",
            "captive_portal_exempt": "disable",
            "capture_packet": "",
            "casb_profile": "",
            "cifs_profile": "",
            "comments": "",
            "custom_log_fields": [],
            "decrypted_traffic_mirror": "",
            "delay_tcp_npu_session": "disable",
            "devices": [],
            "diameter_filter_profile": "",
            "diffserv_copy": "",
            "diffserv_forward": "disable",
            "diffserv_reverse": "disable",
            "diffservcode_forward": "000000",
            "diffservcode_rev": "000000",
            "disclaimer": "disable",
            "dlp_profile": "",
            "dlp_sensor": "",
            "dnsfilter_profile": "",
            "dsri": "disable",
            "dstaddr": [
              {
                "name": "H_IAC-2"
              }
            ],
            "dstaddr6": [],
            "dstaddr6_negate": "",
            "dstaddr_negate": "disable",
            "dstintf": [
              {
                "name": "VLAN_301"
              }
            ],
            "dynamic_shaping": "disable",
            "dynamic_sort_subtable": "false",
            "email_collect": "disable",
            "emailfilter_profile": "",
            "fec": "disable",
            "file_filter_profile": "",
            "firewall_session_dirty": "check-all",
            "fixedport": "disable",
            "fsso": "",
            "fsso_agent_for_ntlm": "",
            "fsso_groups": [],
            "geoip_anycast": "disable",
            "geoip_match": "physical-location",
            "get_all_tables": "false",
            "global_label": "",
            "groups": [],
            "http_policy_redirect": "disable",
            "icap_profile": "",
            "id": "1",
            "identity_based_route": "",
            "inbound": "disable",
            "inspection_mode": "flow",
            "internet_service": "disable",
            "internet_service6": "",
            "internet_service6_custom": [],
            "internet_service6_custom_group": [],
            "internet_service6_fortiguard": [],
            "internet_service6_group": [],
            "internet_service6_name": [],
            "internet_service6_negate": "",
            "internet_service6_src": "",
            "internet_service6_src_custom": [],
            "internet_service6_src_custom_group": [],
            "internet_service6_src_fortiguard": [],
            "internet_service6_src_group": [],
            "internet_service6_src_name": [],
            "internet_service6_src_negate": "",
            "internet_service_custom": [],
            "internet_service_custom_group": [],
            "internet_service_fortiguard": [],
            "internet_service_group": [],
            "internet_service_id": [],
            "internet_service_name": [],
            "internet_service_negate": "disable",
            "internet_service_src": "disable",
            "internet_service_src_custom": [],
            "internet_service_src_custom_group": [],
            "internet_service_src_fortiguard": [],
            "internet_service_src_group": [],
            "internet_service_src_id": [],
            "internet_service_src_name": [],
            "internet_service_src_negate": "disable",
            "ippool": "disable",
            "ips_sensor": "",
            "ips_voip_filter": "",
            "label": "",
            "learning_mode": "",
            "log_http_transaction": "",
            "logtraffic": "utm",
            "logtraffic_start": "disable",
            "match_vip": "disable",
            "match_vip_only": "disable",
            "name": "IAC-POLICY1",
            "nat": "disable",
            "nat46": "disable",
            "nat64": "disable",
            "natinbound": "disable",
            "natip": "0.0.0.0 0.0.0.0",
            "natoutbound": "disable",
            "network_service_dynamic": [],
            "network_service_src_dynamic": [],
            "np_acceleration": "enable",
            "ntlm": "disable",
            "ntlm_enabled_browsers": [],
            "ntlm_guest": "disable",
            "outbound": "enable",
            "passive_wan_health_measurement": "disable",
            "pcp_inbound": "",
            "pcp_outbound": "",
            "pcp_poolname": [],
            "per_ip_shaper": "",
            "permit_any_host": "disable",
            "permit_stun_host": "disable",
            "policy_expiry": "",
            "policy_expiry_date": "",
            "policy_expiry_date_utc": "",
            "policyid": 1,
            "poolname": [],
            "poolname6": [],
            "port_preserve": "",
            "port_random": "",
            "profile_group": "",
            "profile_protocol_options": "default",
            "profile_type": "single",
            "radius_ip_auth_bypass": "",
            "radius_mac_auth_bypass": "disable",
            "redirect_url": "",
            "replacemsg_override_group": "",
            "reputation_direction": "destination",
            "reputation_direction6": "",
            "reputation_minimum": 0,
            "reputation_minimum6": 0,
            "rsso": "",
            "rtp_addr": [],
            "rtp_nat": "disable",
            "saml_server": "",
            "scan_botnet_connections": "",
            "schedule": "always",
            "schedule_timeout": "disable",
            "scim": "",
            "scim_groups": [],
            "scim_users": [],
            "sctp_filter_profile": "",
            "send_deny_packet": "disable",
            "service": [
              {
                "name": "S_TCP/443"
              }
            ],
            "service_negate": "disable",
            "session_ttl": 0,
            "sgt": [],
            "sgt_check": "disable",
            "spamfilter_profile": "",
            "src_vendor_mac": [],
            "srcaddr": [
              {
                "name": "H_IAC-1"
              }
            ],
            "srcaddr6": [],
            "srcaddr6_negate": "",
            "srcaddr_negate": "disable",
            "srcintf": [
              {
                "name": "VLAN_300"
              }
            ],
            "ssh_filter_profile": "",
            "ssh_policy_redirect": "disable",
            "ssl_mirror": "",
            "ssl_mirror_intf": [],
            "ssl_ssh_profile": "no-inspection",
            "status": "enable",
            "tcp_mss_receiver": 0,
            "tcp_mss_sender": 0,
            "tcp_session_without_syn": "disable",
            "timeout_send_rst": "disable",
            "tos": "0x00",
            "tos_mask": "0x00",
            "tos_negate": "disable",
            "traffic_shaper": "",
            "traffic_shaper_reverse": "",
            "url_category": [],
            "users": [],
            "utm_status": "disable",
            "uuid": "d884db4a-c24a-51f0-98d1-9b5ff538619d",
            "vdomparam": null,
            "videofilter_profile": "",
            "virtual_patch_profile": "",
            "vlan_cos_fwd": 255,
            "vlan_cos_rev": 255,
            "vlan_filter": "",
            "voip_profile": "",
            "vpntunnel": "",
            "waf_profile": "",
            "wanopt": "",
            "wanopt_detection": "",
            "wanopt_passive_opt": "",
            "wanopt_peer": "",
            "wanopt_profile": "",
            "wccp": "disable",
            "webcache": "",
            "webcache_https": "",
            "webfilter_profile": "",
            "webproxy_forward_server": "",
            "webproxy_profile": "",
            "wsso": "",
            "ztna_device_ownership": "",
            "ztna_ems_tag": [],
            "ztna_ems_tag_negate": "",
            "ztna_ems_tag_secondary": [],
            "ztna_geo_tag": [],
            "ztna_policy_redirect": "",
            "ztna_status": "disable",
            "ztna_tags_match_logic": ""
          },
          "sensitive_attributes": [],
          "private": "bnVsbA=="
        }
      ]
    },
    {
      "mode": "managed",
      "type": "fortios_firewallservice_custom",
      "name": "trname",
      "provider": "provider[\"registry.terraform.io/fortinetdev/fortios\"]",
      "instances": [
        {
          "schema_version": 0,
          "attributes": {
            "app_category": [],
            "app_service_type": "disable",
            "application": [],
            "category": "",
            "check_reset_range": "default",
            "color": 0,
            "comment": "",
            "dynamic_sort_subtable": "false",
            "fabric_object": "disable",
            "fqdn": "",
            "get_all_tables": "false",
            "helper": "auto",
            "icmpcode": 0,
            "icmptype": 0,
            "id": "S_TCP/443",
            "iprange": "0.0.0.0",
            "name": "S_TCP/443",
            "protocol": "TCP/UDP/SCTP",
            "protocol_number": 0,
            "proxy": "disable",
            "sctp_portrange": "",
            "session_ttl": 0,
            "tcp_halfclose_timer": 0,
            "tcp_halfopen_timer": 0,
            "tcp_portrange": "443",
            "tcp_rst_timer": 0,
            "tcp_timewait_timer": 0,
            "udp_idle_timer": 0,
            "udp_portrange": "",
            "udplite_portrange": "",
            "uuid": "",
            "vdomparam": null,
            "visibility": "enable"
          },
          "sensitive_attributes": [],
          "private": "bnVsbA=="
        }
      ]
    },
    {
      "mode": "managed",
      "type": "fortios_system_interface",
      "name": "VLAN_300",
      "provider": "provider[\"registry.terraform.io/fortinetdev/fortios\"]",
      "instances": [
        {
          "schema_version": 0,
          "attributes": {
            "ac_name": "",
            "aggregate": "",
            "aggregate_type": "",
            "algorithm": "L4",
            "alias": "",
            "allowaccess": "ping",
            "ap_discover": "enable",
            "arpforward": "enable",
            "auth_cert": "",
            "auth_portal_addr": "",
            "auth_type": "auto",
            "auto_auth_extension_device": "disable",
            "autogenerated": null,
            "bandwidth_measure_time": 0,
            "bfd": "global",
            "bfd_desired_min_tx": 250,
            "bfd_detect_mult": 3,
            "bfd_required_min_rx": 250,
            "broadcast_forticlient_discovery": "",
            "broadcast_forward": "disable",
            "captive_portal": 0,
            "cli_conn_status": 0,
            "client_options": [],
            "color": 0,
            "dedicated_to": "none",
            "default_purdue_level": "",
            "defaultgw": "enable",
            "description": "PUSHED BY POC IAC TERRAFORM",
            "detected_peer_mtu": 0,
            "detectprotocol": "ping",
            "detectserver": "",
            "device_access_list": "",
            "device_identification": "disable",
            "device_identification_active_scan": "",
            "device_netscan": "",
            "device_user_identification": "enable",
            "devindex": 41,
            "dhcp_broadcast_flag": "",
            "dhcp_classless_route_addition": "disable",
            "dhcp_client_identifier": "",
            "dhcp_relay_agent_option": "enable",
            "dhcp_relay_allow_no_end_option": "",
            "dhcp_relay_circuit_id": "",
            "dhcp_relay_interface": "",
            "dhcp_relay_interface_select_method": "auto",
            "dhcp_relay_ip": "",
            "dhcp_relay_link_selection": "0.0.0.0",
            "dhcp_relay_request_all_server": "disable",
            "dhcp_relay_service": "disable",
            "dhcp_relay_source_ip": "",
            "dhcp_relay_type": "regular",
            "dhcp_relay_vrf_select": 0,
            "dhcp_renew_time": 0,
            "dhcp_smart_relay": "",
            "dhcp_snooping_server_list": [],
            "disc_retry_timeout": 1,
            "disconnect_threshold": 0,
            "distance": 5,
            "dns_server_override": "enable",
            "dns_server_protocol": "cleartext",
            "drop_fragment": "disable",
            "drop_overlapped_fragment": "disable",
            "dynamic_sort_subtable": "false",
            "eap_ca_cert": "",
            "eap_identity": "",
            "eap_method": "",
            "eap_password": null,
            "eap_supplicant": "",
            "eap_user_cert": "",
            "egress_shaping_profile": "",
            "endpoint_compliance": "",
            "estimated_downstream_bandwidth": 0,
            "estimated_upstream_bandwidth": 0,
            "exclude_signatures": "",
            "explicit_ftp_proxy": "disable",
            "explicit_web_proxy": "disable",
            "external": "disable",
            "fail_action_on_extender": "soft-restart",
            "fail_alert_interfaces": [],
            "fail_alert_method": "link-down",
            "fail_detect": "disable",
            "fail_detect_option": "link-down",
            "fortiheartbeat": "",
            "fortilink": "disable",
            "fortilink_backup_link": 0,
            "fortilink_neighbor_detect": "fortilink",
            "fortilink_split_interface": "enable",
            "fortilink_stacking": "",
            "forward_domain": 0,
            "forward_error_correction": "",
            "get_all_tables": "false",
            "gwdetect": "disable",
            "ha_priority": 1,
            "icmp_accept_redirect": "enable",
            "icmp_send_redirect": "enable",
            "id": "VLAN_300",
            "ident_accept": "disable",
            "idle_timeout": 0,
            "ike_saml_server": "",
            "inbandwidth": 0,
            "ingress_shaping_profile": "",
            "ingress_spillover_threshold": 0,
            "interface": "lan",
            "internal": 0,
            "ip": "192.168.10.1 255.255.255.0",
            "ip_managed_by_fortiipam": "disable",
            "ipmac": "disable",
            "ips_sniffer_mode": "disable",
            "ipunnumbered": "0.0.0.0",
            "ipv6": [],
            "l2forward": "disable",
            "lacp_ha_secondary": "",
            "lacp_ha_slave": "enable",
            "lacp_mode": "active",
            "lacp_speed": "slow",
            "lcp_echo_interval": 5,
            "lcp_max_echo_fails": 3,
            "link_up_delay": 50,
            "lldp_network_policy": "",
            "lldp_reception": "vdom",
            "lldp_transmission": "vdom",
            "macaddr": "",
            "managed_device": [],
            "managed_subnetwork_size": "256",
            "management_ip": "0.0.0.0 0.0.0.0",
            "measured_downstream_bandwidth": 0,
            "measured_upstream_bandwidth": 0,
            "mediatype": "",
            "member": [],
            "min_links": 1,
            "min_links_down": "operational",
            "mode": "static",
            "monitor_bandwidth": "disable",
            "mtu": 1500,
            "mtu_override": "disable",
            "name": "VLAN_300",
            "ndiscforward": "enable",
            "netbios_forward": "disable",
            "netflow_sample_rate": 0,
            "netflow_sampler": "disable",
            "netflow_sampler_id": 0,
            "outbandwidth": 0,
            "padt_retry_timeout": 1,
            "password": null,
            "phy_setting": [],
            "ping_serv_status": 0,
            "polling_interval": 20,
            "pppoe_egress_cos": "",
            "pppoe_unnumbered_negotiate": "enable",
            "pptp_auth_type": "auto",
            "pptp_client": "disable",
            "pptp_password": null,
            "pptp_server_ip": "0.0.0.0",
            "pptp_timeout": 0,
            "pptp_user": "",
            "preserve_session_route": "disable",
            "priority": 1,
            "priority_override": "enable",
            "proxy_captive_portal": "disable",
            "reachable_time": 30000,
            "redundant_interface": "",
            "remote_ip": "0.0.0.0 0.0.0.0",
            "replacemsg_override_group": "",
            "ring_rx": 0,
            "ring_tx": 0,
            "role": "undefined",
            "sample_direction": "both",
            "sample_rate": 2000,
            "scan_botnet_connections": "",
            "secondary_ip": "disable",
            "secondaryip": [],
            "security_exempt_list": "",
            "security_external_logout": "",
            "security_external_web": "",
            "security_groups": [],
            "security_ip_auth_bypass": "",
            "security_mac_auth_bypass": "disable",
            "security_mode": "none",
            "security_redirect_url": "",
            "service_name": "",
            "sflow_sampler": "disable",
            "snmp_index": 23,
            "speed": "auto",
            "spillover_threshold": 0,
            "src_check": "enable",
            "status": "up",
            "stp": "disable",
            "stp_ha_secondary": "priority-adjust",
            "stpforward": "disable",
            "stpforward_mode": "rpl-all-ext-id",
            "subst": "disable",
            "substitute_dst_mac": "00:00:00:00:00:00",
            "swc_first_create": 0,
            "swc_vlan": 0,
            "switch": "",
            "switch_controller_access_vlan": "disable",
            "switch_controller_arp_inspection": "disable",
            "switch_controller_dhcp_snooping": "disable",
            "switch_controller_dhcp_snooping_option82": "disable",
            "switch_controller_dhcp_snooping_verify_mac": "disable",
            "switch_controller_dynamic": "",
            "switch_controller_feature": "none",
            "switch_controller_igmp_snooping": "disable",
            "switch_controller_igmp_snooping_fast_leave": "disable",
            "switch_controller_igmp_snooping_proxy": "disable",
            "switch_controller_iot_scanning": "disable",
            "switch_controller_learning_limit": 0,
            "switch_controller_mgmt_vlan": 4094,
            "switch_controller_nac": "",
            "switch_controller_netflow_collect": "",
            "switch_controller_offload": "",
            "switch_controller_offload_gw": "",
            "switch_controller_offload_ip": "",
            "switch_controller_rspan_mode": "disable",
            "switch_controller_source_ip": "outbound",
            "switch_controller_traffic_policy": "",
            "system_id": "00:00:00:00:00:00",
            "system_id_type": "auto",
            "tagging": [],
            "tcp_mss": 0,
            "trunk": "",
            "trust_ip6_1": "::/0",
            "trust_ip6_2": "::/0",
            "trust_ip6_3": "::/0",
            "trust_ip_1": "0.0.0.0 0.0.0.0",
            "trust_ip_2": "0.0.0.0 0.0.0.0",
            "trust_ip_3": "0.0.0.0 0.0.0.0",
            "type": "vlan",
            "username": "",
            "vdom": "root",
            "vdomparam": null,
            "vindex": 0,
            "virtual_mac": "",
            "vlan_protocol": "8021q",
            "vlanforward": "disable",
            "vlanid": 300,
            "vrf": 0,
            "vrrp": [],
            "vrrp_virtual_mac": "disable",
            "wccp": "disable",
            "weight": 0,
            "wins_ip": "0.0.0.0"
          },
          "sensitive_attributes": [],
          "private": "bnVsbA=="
        }
      ]
    },
    {
      "mode": "managed",
      "type": "fortios_system_interface",
      "name": "VLAN_301",
      "provider": "provider[\"registry.terraform.io/fortinetdev/fortios\"]",
      "instances": [
        {
          "schema_version": 0,
          "attributes": {
            "ac_name": "",
            "aggregate": "",
            "aggregate_type": "",
            "algorithm": "L4",
            "alias": "",
            "allowaccess": "ping",
            "ap_discover": "enable",
            "arpforward": "enable",
            "auth_cert": "",
            "auth_portal_addr": "",
            "auth_type": "auto",
            "auto_auth_extension_device": "disable",
            "autogenerated": null,
            "bandwidth_measure_time": 0,
            "bfd": "global",
            "bfd_desired_min_tx": 250,
            "bfd_detect_mult": 3,
            "bfd_required_min_rx": 250,
            "broadcast_forticlient_discovery": "",
            "broadcast_forward": "disable",
            "captive_portal": 0,
            "cli_conn_status": 0,
            "client_options": [],
            "color": 0,
            "dedicated_to": "none",
            "default_purdue_level": "",
            "defaultgw": "enable",
            "description": "PUSHED BY POC IAC TERRAFORM",
            "detected_peer_mtu": 0,
            "detectprotocol": "ping",
            "detectserver": "",
            "device_access_list": "",
            "device_identification": "disable",
            "device_identification_active_scan": "",
            "device_netscan": "",
            "device_user_identification": "enable",
            "devindex": 42,
            "dhcp_broadcast_flag": "",
            "dhcp_classless_route_addition": "disable",
            "dhcp_client_identifier": "",
            "dhcp_relay_agent_option": "enable",
            "dhcp_relay_allow_no_end_option": "",
            "dhcp_relay_circuit_id": "",
            "dhcp_relay_interface": "",
            "dhcp_relay_interface_select_method": "auto",
            "dhcp_relay_ip": "",
            "dhcp_relay_link_selection": "0.0.0.0",
            "dhcp_relay_request_all_server": "disable",
            "dhcp_relay_service": "disable",
            "dhcp_relay_source_ip": "",
            "dhcp_relay_type": "regular",
            "dhcp_relay_vrf_select": 0,
            "dhcp_renew_time": 0,
            "dhcp_smart_relay": "",
            "dhcp_snooping_server_list": [],
            "disc_retry_timeout": 1,
            "disconnect_threshold": 0,
            "distance": 5,
            "dns_server_override": "enable",
            "dns_server_protocol": "cleartext",
            "drop_fragment": "disable",
            "drop_overlapped_fragment": "disable",
            "dynamic_sort_subtable": "false",
            "eap_ca_cert": "",
            "eap_identity": "",
            "eap_method": "",
            "eap_password": null,
            "eap_supplicant": "",
            "eap_user_cert": "",
            "egress_shaping_profile": "",
            "endpoint_compliance": "",
            "estimated_downstream_bandwidth": 0,
            "estimated_upstream_bandwidth": 0,
            "exclude_signatures": "",
            "explicit_ftp_proxy": "disable",
            "explicit_web_proxy": "disable",
            "external": "disable",
            "fail_action_on_extender": "soft-restart",
            "fail_alert_interfaces": [],
            "fail_alert_method": "link-down",
            "fail_detect": "disable",
            "fail_detect_option": "link-down",
            "fortiheartbeat": "",
            "fortilink": "disable",
            "fortilink_backup_link": 0,
            "fortilink_neighbor_detect": "fortilink",
            "fortilink_split_interface": "enable",
            "fortilink_stacking": "",
            "forward_domain": 0,
            "forward_error_correction": "",
            "get_all_tables": "false",
            "gwdetect": "disable",
            "ha_priority": 1,
            "icmp_accept_redirect": "enable",
            "icmp_send_redirect": "enable",
            "id": "VLAN_301",
            "ident_accept": "disable",
            "idle_timeout": 0,
            "ike_saml_server": "",
            "inbandwidth": 0,
            "ingress_shaping_profile": "",
            "ingress_spillover_threshold": 0,
            "interface": "lan",
            "internal": 0,
            "ip": "192.168.11.1 255.255.255.0",
            "ip_managed_by_fortiipam": "disable",
            "ipmac": "disable",
            "ips_sniffer_mode": "disable",
            "ipunnumbered": "0.0.0.0",
            "ipv6": [],
            "l2forward": "disable",
            "lacp_ha_secondary": "",
            "lacp_ha_slave": "enable",
            "lacp_mode": "active",
            "lacp_speed": "slow",
            "lcp_echo_interval": 5,
            "lcp_max_echo_fails": 3,
            "link_up_delay": 50,
            "lldp_network_policy": "",
            "lldp_reception": "vdom",
            "lldp_transmission": "vdom",
            "macaddr": "",
            "managed_device": [],
            "managed_subnetwork_size": "256",
            "management_ip": "0.0.0.0 0.0.0.0",
            "measured_downstream_bandwidth": 0,
            "measured_upstream_bandwidth": 0,
            "mediatype": "",
            "member": [],
            "min_links": 1,
            "min_links_down": "operational",
            "mode": "static",
            "monitor_bandwidth": "disable",
            "mtu": 1500,
            "mtu_override": "disable",
            "name": "VLAN_301",
            "ndiscforward": "enable",
            "netbios_forward": "disable",
            "netflow_sample_rate": 0,
            "netflow_sampler": "disable",
            "netflow_sampler_id": 0,
            "outbandwidth": 0,
            "padt_retry_timeout": 1,
            "password": null,
            "phy_setting": [],
            "ping_serv_status": 0,
            "polling_interval": 20,
            "pppoe_egress_cos": "",
            "pppoe_unnumbered_negotiate": "enable",
            "pptp_auth_type": "auto",
            "pptp_client": "disable",
            "pptp_password": null,
            "pptp_server_ip": "0.0.0.0",
            "pptp_timeout": 0,
            "pptp_user": "",
            "preserve_session_route": "disable",
            "priority": 1,
            "priority_override": "enable",
            "proxy_captive_portal": "disable",
            "reachable_time": 30000,
            "redundant_interface": "",
            "remote_ip": "0.0.0.0 0.0.0.0",
            "replacemsg_override_group": "",
            "ring_rx": 0,
            "ring_tx": 0,
            "role": "undefined",
            "sample_direction": "both",
            "sample_rate": 2000,
            "scan_botnet_connections": "",
            "secondary_ip": "disable",
            "secondaryip": [],
            "security_exempt_list": "",
            "security_external_logout": "",
            "security_external_web": "",
            "security_groups": [],
            "security_ip_auth_bypass": "",
            "security_mac_auth_bypass": "disable",
            "security_mode": "none",
            "security_redirect_url": "",
            "service_name": "",
            "sflow_sampler": "disable",
            "snmp_index": 24,
            "speed": "auto",
            "spillover_threshold": 0,
            "src_check": "enable",
            "status": "up",
            "stp": "disable",
            "stp_ha_secondary": "priority-adjust",
            "stpforward": "disable",
            "stpforward_mode": "rpl-all-ext-id",
            "subst": "disable",
            "substitute_dst_mac": "00:00:00:00:00:00",
            "swc_first_create": 0,
            "swc_vlan": 0,
            "switch": "",
            "switch_controller_access_vlan": "disable",
            "switch_controller_arp_inspection": "disable",
            "switch_controller_dhcp_snooping": "disable",
            "switch_controller_dhcp_snooping_option82": "disable",
            "switch_controller_dhcp_snooping_verify_mac": "disable",
            "switch_controller_dynamic": "",
            "switch_controller_feature": "none",
            "switch_controller_igmp_snooping": "disable",
            "switch_controller_igmp_snooping_fast_leave": "disable",
            "switch_controller_igmp_snooping_proxy": "disable",
            "switch_controller_iot_scanning": "disable",
            "switch_controller_learning_limit": 0,
            "switch_controller_mgmt_vlan": 4094,
            "switch_controller_nac": "",
            "switch_controller_netflow_collect": "",
            "switch_controller_offload": "",
            "switch_controller_offload_gw": "",
            "switch_controller_offload_ip": "",
            "switch_controller_rspan_mode": "disable",
            "switch_controller_source_ip": "outbound",
            "switch_controller_traffic_policy": "",
            "system_id": "00:00:00:00:00:00",
            "system_id_type": "auto",
            "tagging": [],
            "tcp_mss": 0,
            "trunk": "",
            "trust_ip6_1": "::/0",
            "trust_ip6_2": "::/0",
            "trust_ip6_3": "::/0",
            "trust_ip_1": "0.0.0.0 0.0.0.0",
            "trust_ip_2": "0.0.0.0 0.0.0.0",
            "trust_ip_3": "0.0.0.0 0.0.0.0",
            "type": "vlan",
            "username": "",
            "vdom": "root",
            "vdomparam": null,
            "vindex": 0,
            "virtual_mac": "",
            "vlan_protocol": "8021q",
            "vlanforward": "disable",
            "vlanid": 301,
            "vrf": 0,
            "vrrp": [],
            "vrrp_virtual_mac": "disable",
            "wccp": "disable",
            "weight": 0,
            "wins_ip": "0.0.0.0"
          },
          "sensitive_attributes": [],
          "private": "bnVsbA=="
        }
      ]
    }
  ],
  "check_results": null
}
