{
  "version": 4,
  "terraform_version": "1.5.7",
  "serial": 79,
  "lineage": "e0bb7b26-42e9-8daf-4c25-28c82b2e2fe3",
  "outputs": {},
  "resources": [
    {
      "mode": "managed",
      "type": "fortios_firewall_object_address",
      "name": "addresses",
      "provider": "provider[\"registry.terraform.io/fortinetdev/fortios\"]",
      "instances": [
        {
          "index_key": "H_IAC-1",
          "schema_version": 0,
          "attributes": {
            "associated_interface": "",
            "comment": "PUSHED BY POC IAC TERRAFORM",
            "country": "",
            "end_ip": null,
            "fqdn": "",
            "id": "H_IAC-1",
            "name": "H_IAC-1",
            "show_in_address_list": "",
            "start_ip": null,
            "static_route_configure": "disable",
            "subnet": "192.168.11.100 255.255.255.255",
            "type": "ipmask"
          },
          "sensitive_attributes": [],
          "private": "bnVsbA=="
        },
        {
          "index_key": "H_IAC-2",
          "schema_version": 0,
          "attributes": {
            "associated_interface": "",
            "comment": "PUSHED BY POC IAC TERRAFORM",
            "country": "",
            "end_ip": null,
            "fqdn": "",
            "id": "H_IAC-2",
            "name": "H_IAC-2",
            "show_in_address_list": "",
            "start_ip": null,
            "static_route_configure": "disable",
            "subnet": "192.168.10.100 255.255.255.255",
            "type": "ipmask"
          },
          "sensitive_attributes": [],
          "private": "bnVsbA=="
        }
      ]
    },
    {
      "mode": "managed",
      "type": "fortios_firewallservice_custom",
      "name": "trname",
      "provider": "provider[\"registry.terraform.io/fortinetdev/fortios\"]",
      "instances": [
        {
          "schema_version": 0,
          "attributes": {
            "app_category": [],
            "app_service_type": "disable",
            "application": [],
            "category": "",
            "check_reset_range": "default",
            "color": 0,
            "comment": "PUSHED BY POC IAC TERRAFORM",
            "dynamic_sort_subtable": "false",
            "fabric_object": "disable",
            "fqdn": "",
            "get_all_tables": "false",
            "helper": "auto",
            "icmpcode": 0,
            "icmptype": 0,
            "id": "S_TCP/443",
            "iprange": "0.0.0.0",
            "name": "S_TCP/443",
            "protocol": "TCP/UDP/SCTP",
            "protocol_number": 0,
            "proxy": "disable",
            "sctp_portrange": "",
            "session_ttl": 0,
            "tcp_halfclose_timer": 0,
            "tcp_halfopen_timer": 0,
            "tcp_portrange": "443",
            "tcp_rst_timer": 0,
            "tcp_timewait_timer": 0,
            "udp_idle_timer": 0,
            "udp_portrange": "",
            "udplite_portrange": "",
            "uuid": "",
            "vdomparam": null,
            "visibility": "enable"
          },
          "sensitive_attributes": [],
          "private": "bnVsbA=="
        }
      ]
    },
    {
      "mode": "managed",
      "type": "fortios_system_admin",
      "name": "iac-admin",
      "provider": "provider[\"registry.terraform.io/fortinetdev/fortios\"]",
      "instances": [
        {
          "schema_version": 0,
          "attributes": {
            "accprofile": "Super_Admin_API",
            "accprofile_override": "disable",
            "allow_remove_admin_session": "enable",
            "comments": "PUSHED BY POC IAC TERRAFORM",
            "dynamic_sort_subtable": "false",
            "email_to": "",
            "force_password_change": "disable",
            "fortitoken": "",
            "get_all_tables": "false",
            "guest_auth": "disable",
            "guest_lang": "",
            "guest_usergroups": [],
            "gui_dashboard": [],
            "gui_global_menu_favorites": [],
            "gui_new_feature_acknowledge": [],
            "gui_vdom_menu_favorites": [],
            "hidden": 0,
            "history0": null,
            "history1": null,
            "id": "admin-iac",
            "ip6_trusthost1": "::/0",
            "ip6_trusthost10": "::/0",
            "ip6_trusthost2": "::/0",
            "ip6_trusthost3": "::/0",
            "ip6_trusthost4": "::/0",
            "ip6_trusthost5": "::/0",
            "ip6_trusthost6": "::/0",
            "ip6_trusthost7": "::/0",
            "ip6_trusthost8": "::/0",
            "ip6_trusthost9": "::/0",
            "login_time": [],
            "name": "admin-iac",
            "password": "fdafdace",
            "password_expire": "0000-00-00 00:00:00",
            "peer_auth": "disable",
            "peer_group": "",
            "radius_vdom_override": "disable",
            "remote_auth": "disable",
            "remote_group": "",
            "schedule": "",
            "sms_custom_server": "",
            "sms_phone": "",
            "sms_server": "fortiguard",
            "ssh_certificate": "",
            "ssh_public_key1": null,
            "ssh_public_key2": null,
            "ssh_public_key3": null,
            "trusthost1": "0.0.0.0 0.0.0.0",
            "trusthost10": "0.0.0.0 0.0.0.0",
            "trusthost2": "0.0.0.0 0.0.0.0",
            "trusthost3": "0.0.0.0 0.0.0.0",
            "trusthost4": "0.0.0.0 0.0.0.0",
            "trusthost5": "0.0.0.0 0.0.0.0",
            "trusthost6": "0.0.0.0 0.0.0.0",
            "trusthost7": "0.0.0.0 0.0.0.0",
            "trusthost8": "0.0.0.0 0.0.0.0",
            "trusthost9": "0.0.0.0 0.0.0.0",
            "two_factor": "disable",
            "two_factor_authentication": "",
            "two_factor_notification": "",
            "vdom": [
              {
                "name": "root"
              }
            ],
            "vdom_override": "",
            "vdomparam": null,
            "wildcard": "disable"
          },
          "sensitive_attributes": [],
          "private": "bnVsbA=="
        }
      ]
    },
    {
      "mode": "managed",
      "type": "fortios_system_interface",
      "name": "VLANS",
      "provider": "provider[\"registry.terraform.io/fortinetdev/fortios\"]",
      "instances": [
        {
          "index_key": "VLAN_300",
          "schema_version": 0,
          "attributes": {
            "ac_name": "",
            "aggregate": "",
            "aggregate_type": "",
            "algorithm": "L4",
            "alias": "",
            "allowaccess": "ping",
            "ap_discover": "enable",
            "arpforward": "enable",
            "auth_cert": "",
            "auth_portal_addr": "",
            "auth_type": "auto",
            "auto_auth_extension_device": "disable",
            "autogenerated": null,
            "bandwidth_measure_time": 0,
            "bfd": "global",
            "bfd_desired_min_tx": 250,
            "bfd_detect_mult": 3,
            "bfd_required_min_rx": 250,
            "broadcast_forticlient_discovery": "",
            "broadcast_forward": "disable",
            "captive_portal": 0,
            "cli_conn_status": 0,
            "client_options": [],
            "color": 0,
            "dedicated_to": "none",
            "default_purdue_level": "",
            "defaultgw": "enable",
            "description": "PUSHED BY POC IAC TERRAFORM",
            "detected_peer_mtu": 0,
            "detectprotocol": "ping",
            "detectserver": "",
            "device_access_list": "",
            "device_identification": "disable",
            "device_identification_active_scan": "",
            "device_netscan": "",
            "device_user_identification": "enable",
            "devindex": 45,
            "dhcp_broadcast_flag": "",
            "dhcp_classless_route_addition": "disable",
            "dhcp_client_identifier": "",
            "dhcp_relay_agent_option": "enable",
            "dhcp_relay_allow_no_end_option": "",
            "dhcp_relay_circuit_id": "",
            "dhcp_relay_interface": "",
            "dhcp_relay_interface_select_method": "auto",
            "dhcp_relay_ip": "",
            "dhcp_relay_link_selection": "0.0.0.0",
            "dhcp_relay_request_all_server": "disable",
            "dhcp_relay_service": "disable",
            "dhcp_relay_source_ip": "",
            "dhcp_relay_type": "regular",
            "dhcp_relay_vrf_select": 0,
            "dhcp_renew_time": 0,
            "dhcp_smart_relay": "",
            "dhcp_snooping_server_list": [],
            "disc_retry_timeout": 1,
            "disconnect_threshold": 0,
            "distance": 5,
            "dns_server_override": "enable",
            "dns_server_protocol": "cleartext",
            "drop_fragment": "disable",
            "drop_overlapped_fragment": "disable",
            "dynamic_sort_subtable": "false",
            "eap_ca_cert": "",
            "eap_identity": "",
            "eap_method": "",
            "eap_password": null,
            "eap_supplicant": "",
            "eap_user_cert": "",
            "egress_shaping_profile": "",
            "endpoint_compliance": "",
            "estimated_downstream_bandwidth": 0,
            "estimated_upstream_bandwidth": 0,
            "exclude_signatures": "",
            "explicit_ftp_proxy": "disable",
            "explicit_web_proxy": "disable",
            "external": "disable",
            "fail_action_on_extender": "soft-restart",
            "fail_alert_interfaces": [],
            "fail_alert_method": "link-down",
            "fail_detect": "disable",
            "fail_detect_option": "link-down",
            "fortiheartbeat": "",
            "fortilink": "disable",
            "fortilink_backup_link": 0,
            "fortilink_neighbor_detect": "fortilink",
            "fortilink_split_interface": "enable",
            "fortilink_stacking": "",
            "forward_domain": 0,
            "forward_error_correction": "",
            "get_all_tables": "false",
            "gwdetect": "disable",
            "ha_priority": 1,
            "icmp_accept_redirect": "enable",
            "icmp_send_redirect": "enable",
            "id": "VLAN_300",
            "ident_accept": "disable",
            "idle_timeout": 0,
            "ike_saml_server": "",
            "inbandwidth": 0,
            "ingress_shaping_profile": "",
            "ingress_spillover_threshold": 0,
            "interface": "lan",
            "internal": 0,
            "ip": "192.168.10.1 255.255.255.0",
            "ip_managed_by_fortiipam": "disable",
            "ipmac": "disable",
            "ips_sniffer_mode": "disable",
            "ipunnumbered": "0.0.0.0",
            "ipv6": null,
            "l2forward": "disable",
            "lacp_ha_secondary": "",
            "lacp_ha_slave": "enable",
            "lacp_mode": "active",
            "lacp_speed": "slow",
            "lcp_echo_interval": 5,
            "lcp_max_echo_fails": 3,
            "link_up_delay": 50,
            "lldp_network_policy": "",
            "lldp_reception": "vdom",
            "lldp_transmission": "vdom",
            "macaddr": "",
            "managed_device": [],
            "managed_subnetwork_size": "256",
            "management_ip": "0.0.0.0 0.0.0.0",
            "measured_downstream_bandwidth": 0,
            "measured_upstream_bandwidth": 0,
            "mediatype": "",
            "member": [],
            "min_links": 1,
            "min_links_down": "operational",
            "mode": "static",
            "monitor_bandwidth": "disable",
            "mtu": 1500,
            "mtu_override": "disable",
            "name": "VLAN_300",
            "ndiscforward": "enable",
            "netbios_forward": "disable",
            "netflow_sample_rate": 0,
            "netflow_sampler": "disable",
            "netflow_sampler_id": 0,
            "outbandwidth": 0,
            "padt_retry_timeout": 1,
            "password": null,
            "phy_setting": null,
            "ping_serv_status": 0,
            "polling_interval": 20,
            "pppoe_egress_cos": "",
            "pppoe_unnumbered_negotiate": "enable",
            "pptp_auth_type": "auto",
            "pptp_client": "disable",
            "pptp_password": null,
            "pptp_server_ip": "0.0.0.0",
            "pptp_timeout": 0,
            "pptp_user": "",
            "preserve_session_route": "disable",
            "priority": 1,
            "priority_override": "enable",
            "proxy_captive_portal": "disable",
            "reachable_time": 30000,
            "redundant_interface": "",
            "remote_ip": "0.0.0.0 0.0.0.0",
            "replacemsg_override_group": "",
            "ring_rx": 0,
            "ring_tx": 0,
            "role": "undefined",
            "sample_direction": "both",
            "sample_rate": 2000,
            "scan_botnet_connections": "",
            "secondary_ip": "disable",
            "secondaryip": [],
            "security_exempt_list": "",
            "security_external_logout": "",
            "security_external_web": "",
            "security_groups": [],
            "security_ip_auth_bypass": "",
            "security_mac_auth_bypass": "disable",
            "security_mode": "none",
            "security_redirect_url": "",
            "service_name": "",
            "sflow_sampler": "disable",
            "snmp_index": 23,
            "speed": "auto",
            "spillover_threshold": 0,
            "src_check": "enable",
            "status": "up",
            "stp": "disable",
            "stp_ha_secondary": "priority-adjust",
            "stpforward": "disable",
            "stpforward_mode": "rpl-all-ext-id",
            "subst": "disable",
            "substitute_dst_mac": "00:00:00:00:00:00",
            "swc_first_create": 0,
            "swc_vlan": 0,
            "switch": "",
            "switch_controller_access_vlan": "disable",
            "switch_controller_arp_inspection": "disable",
            "switch_controller_dhcp_snooping": "disable",
            "switch_controller_dhcp_snooping_option82": "disable",
            "switch_controller_dhcp_snooping_verify_mac": "disable",
            "switch_controller_dynamic": "",
            "switch_controller_feature": "none",
            "switch_controller_igmp_snooping": "disable",
            "switch_controller_igmp_snooping_fast_leave": "disable",
            "switch_controller_igmp_snooping_proxy": "disable",
            "switch_controller_iot_scanning": "disable",
            "switch_controller_learning_limit": 0,
            "switch_controller_mgmt_vlan": 4094,
            "switch_controller_nac": "",
            "switch_controller_netflow_collect": "",
            "switch_controller_offload": "",
            "switch_controller_offload_gw": "",
            "switch_controller_offload_ip": "",
            "switch_controller_rspan_mode": "disable",
            "switch_controller_source_ip": "outbound",
            "switch_controller_traffic_policy": "",
            "system_id": "00:00:00:00:00:00",
            "system_id_type": "auto",
            "tagging": [],
            "tcp_mss": 0,
            "trunk": "",
            "trust_ip6_1": "::/0",
            "trust_ip6_2": "::/0",
            "trust_ip6_3": "::/0",
            "trust_ip_1": "0.0.0.0 0.0.0.0",
            "trust_ip_2": "0.0.0.0 0.0.0.0",
            "trust_ip_3": "0.0.0.0 0.0.0.0",
            "type": "vlan",
            "username": "",
            "vdom": "root",
            "vdomparam": null,
            "vindex": 0,
            "virtual_mac": "",
            "vlan_protocol": "8021q",
            "vlanforward": "disable",
            "vlanid": 300,
            "vrf": 0,
            "vrrp": [],
            "vrrp_virtual_mac": "disable",
            "wccp": "disable",
            "weight": 0,
            "wins_ip": "0.0.0.0"
          },
          "sensitive_attributes": [],
          "private": "bnVsbA=="
        },
        {
          "index_key": "VLAN_301",
          "schema_version": 0,
          "attributes": {
            "ac_name": "",
            "aggregate": "",
            "aggregate_type": "",
            "algorithm": "L4",
            "alias": "",
            "allowaccess": "ping",
            "ap_discover": "enable",
            "arpforward": "enable",
            "auth_cert": "",
            "auth_portal_addr": "",
            "auth_type": "auto",
            "auto_auth_extension_device": "disable",
            "autogenerated": null,
            "bandwidth_measure_time": 0,
            "bfd": "global",
            "bfd_desired_min_tx": 250,
            "bfd_detect_mult": 3,
            "bfd_required_min_rx": 250,
            "broadcast_forticlient_discovery": "",
            "broadcast_forward": "disable",
            "captive_portal": 0,
            "cli_conn_status": 0,
            "client_options": [],
            "color": 0,
            "dedicated_to": "none",
            "default_purdue_level": "",
            "defaultgw": "enable",
            "description": "PUSHED BY POC IAC TERRAFORM",
            "detected_peer_mtu": 0,
            "detectprotocol": "ping",
            "detectserver": "",
            "device_access_list": "",
            "device_identification": "disable",
            "device_identification_active_scan": "",
            "device_netscan": "",
            "device_user_identification": "enable",
            "devindex": 46,
            "dhcp_broadcast_flag": "",
            "dhcp_classless_route_addition": "disable",
            "dhcp_client_identifier": "",
            "dhcp_relay_agent_option": "enable",
            "dhcp_relay_allow_no_end_option": "",
            "dhcp_relay_circuit_id": "",
            "dhcp_relay_interface": "",
            "dhcp_relay_interface_select_method": "auto",
            "dhcp_relay_ip": "",
            "dhcp_relay_link_selection": "0.0.0.0",
            "dhcp_relay_request_all_server": "disable",
            "dhcp_relay_service": "disable",
            "dhcp_relay_source_ip": "",
            "dhcp_relay_type": "regular",
            "dhcp_relay_vrf_select": 0,
            "dhcp_renew_time": 0,
            "dhcp_smart_relay": "",
            "dhcp_snooping_server_list": [],
            "disc_retry_timeout": 1,
            "disconnect_threshold": 0,
            "distance": 5,
            "dns_server_override": "enable",
            "dns_server_protocol": "cleartext",
            "drop_fragment": "disable",
            "drop_overlapped_fragment": "disable",
            "dynamic_sort_subtable": "false",
            "eap_ca_cert": "",
            "eap_identity": "",
            "eap_method": "",
            "eap_password": null,
            "eap_supplicant": "",
            "eap_user_cert": "",
            "egress_shaping_profile": "",
            "endpoint_compliance": "",
            "estimated_downstream_bandwidth": 0,
            "estimated_upstream_bandwidth": 0,
            "exclude_signatures": "",
            "explicit_ftp_proxy": "disable",
            "explicit_web_proxy": "disable",
            "external": "disable",
            "fail_action_on_extender": "soft-restart",
            "fail_alert_interfaces": [],
            "fail_alert_method": "link-down",
            "fail_detect": "disable",
            "fail_detect_option": "link-down",
            "fortiheartbeat": "",
            "fortilink": "disable",
            "fortilink_backup_link": 0,
            "fortilink_neighbor_detect": "fortilink",
            "fortilink_split_interface": "enable",
            "fortilink_stacking": "",
            "forward_domain": 0,
            "forward_error_correction": "",
            "get_all_tables": "false",
            "gwdetect": "disable",
            "ha_priority": 1,
            "icmp_accept_redirect": "enable",
            "icmp_send_redirect": "enable",
            "id": "VLAN_301",
            "ident_accept": "disable",
            "idle_timeout": 0,
            "ike_saml_server": "",
            "inbandwidth": 0,
            "ingress_shaping_profile": "",
            "ingress_spillover_threshold": 0,
            "interface": "lan",
            "internal": 0,
            "ip": "192.168.11.1 255.255.255.0",
            "ip_managed_by_fortiipam": "disable",
            "ipmac": "disable",
            "ips_sniffer_mode": "disable",
            "ipunnumbered": "0.0.0.0",
            "ipv6": null,
            "l2forward": "disable",
            "lacp_ha_secondary": "",
            "lacp_ha_slave": "enable",
            "lacp_mode": "active",
            "lacp_speed": "slow",
            "lcp_echo_interval": 5,
            "lcp_max_echo_fails": 3,
            "link_up_delay": 50,
            "lldp_network_policy": "",
            "lldp_reception": "vdom",
            "lldp_transmission": "vdom",
            "macaddr": "",
            "managed_device": [],
            "managed_subnetwork_size": "256",
            "management_ip": "0.0.0.0 0.0.0.0",
            "measured_downstream_bandwidth": 0,
            "measured_upstream_bandwidth": 0,
            "mediatype": "",
            "member": [],
            "min_links": 1,
            "min_links_down": "operational",
            "mode": "static",
            "monitor_bandwidth": "disable",
            "mtu": 1500,
            "mtu_override": "disable",
            "name": "VLAN_301",
            "ndiscforward": "enable",
            "netbios_forward": "disable",
            "netflow_sample_rate": 0,
            "netflow_sampler": "disable",
            "netflow_sampler_id": 0,
            "outbandwidth": 0,
            "padt_retry_timeout": 1,
            "password": null,
            "phy_setting": null,
            "ping_serv_status": 0,
            "polling_interval": 20,
            "pppoe_egress_cos": "",
            "pppoe_unnumbered_negotiate": "enable",
            "pptp_auth_type": "auto",
            "pptp_client": "disable",
            "pptp_password": null,
            "pptp_server_ip": "0.0.0.0",
            "pptp_timeout": 0,
            "pptp_user": "",
            "preserve_session_route": "disable",
            "priority": 1,
            "priority_override": "enable",
            "proxy_captive_portal": "disable",
            "reachable_time": 30000,
            "redundant_interface": "",
            "remote_ip": "0.0.0.0 0.0.0.0",
            "replacemsg_override_group": "",
            "ring_rx": 0,
            "ring_tx": 0,
            "role": "undefined",
            "sample_direction": "both",
            "sample_rate": 2000,
            "scan_botnet_connections": "",
            "secondary_ip": "disable",
            "secondaryip": [],
            "security_exempt_list": "",
            "security_external_logout": "",
            "security_external_web": "",
            "security_groups": [],
            "security_ip_auth_bypass": "",
            "security_mac_auth_bypass": "disable",
            "security_mode": "none",
            "security_redirect_url": "",
            "service_name": "",
            "sflow_sampler": "disable",
            "snmp_index": 24,
            "speed": "auto",
            "spillover_threshold": 0,
            "src_check": "enable",
            "status": "up",
            "stp": "disable",
            "stp_ha_secondary": "priority-adjust",
            "stpforward": "disable",
            "stpforward_mode": "rpl-all-ext-id",
            "subst": "disable",
            "substitute_dst_mac": "00:00:00:00:00:00",
            "swc_first_create": 0,
            "swc_vlan": 0,
            "switch": "",
            "switch_controller_access_vlan": "disable",
            "switch_controller_arp_inspection": "disable",
            "switch_controller_dhcp_snooping": "disable",
            "switch_controller_dhcp_snooping_option82": "disable",
            "switch_controller_dhcp_snooping_verify_mac": "disable",
            "switch_controller_dynamic": "",
            "switch_controller_feature": "none",
            "switch_controller_igmp_snooping": "disable",
            "switch_controller_igmp_snooping_fast_leave": "disable",
            "switch_controller_igmp_snooping_proxy": "disable",
            "switch_controller_iot_scanning": "disable",
            "switch_controller_learning_limit": 0,
            "switch_controller_mgmt_vlan": 4094,
            "switch_controller_nac": "",
            "switch_controller_netflow_collect": "",
            "switch_controller_offload": "",
            "switch_controller_offload_gw": "",
            "switch_controller_offload_ip": "",
            "switch_controller_rspan_mode": "disable",
            "switch_controller_source_ip": "outbound",
            "switch_controller_traffic_policy": "",
            "system_id": "00:00:00:00:00:00",
            "system_id_type": "auto",
            "tagging": [],
            "tcp_mss": 0,
            "trunk": "",
            "trust_ip6_1": "::/0",
            "trust_ip6_2": "::/0",
            "trust_ip6_3": "::/0",
            "trust_ip_1": "0.0.0.0 0.0.0.0",
            "trust_ip_2": "0.0.0.0 0.0.0.0",
            "trust_ip_3": "0.0.0.0 0.0.0.0",
            "type": "vlan",
            "username": "",
            "vdom": "root",
            "vdomparam": null,
            "vindex": 0,
            "virtual_mac": "",
            "vlan_protocol": "8021q",
            "vlanforward": "disable",
            "vlanid": 301,
            "vrf": 0,
            "vrrp": [],
            "vrrp_virtual_mac": "disable",
            "wccp": "disable",
            "weight": 0,
            "wins_ip": "0.0.0.0"
          },
          "sensitive_attributes": [],
          "private": "bnVsbA=="
        }
      ]
    }
  ],
  "check_results": null
}
